
Microsoft Visual Studio Solution File, Format Version 12.00
# Visual Studio Version 16
VisualStudioVersion = 16.0.31205.134
MinimumVisualStudioVersion = 10.0.40219.1
Project("{8BC9CEB8-8B4A-11D0-8D11-00A0C91BC942}") = "Engine", "GameEngine3D\GameEngine3D.vcxproj", "{1B68C977-4E9F-48EE-8B9C-9E05D6AF9210}"
EndProject
Global
	GlobalSection(SolutionConfigurationPlatforms) = preSolution
		Debug|x64 = Debug|x64
		Debug|x86 = Debug|x86
		Release|x64 = Release|x64
		Release|x86 = Release|x86
	EndGlobalSection
	GlobalSection(ProjectConfigurationPlatforms) = postSolution
		{1B68C977-4E9F-48EE-8B9C-9E05D6AF9210}.Debug|x64.ActiveCfg = Debug|x64
		{1B68C977-4E9F-48EE-8B9C-9E05D6AF9210}.Debug|x64.Build.0 = Debug|x64
		{1B68C977-4E9F-48EE-8B9C-9E05D6AF9210}.Debug|x86.ActiveCfg = Debug|x64
		{1B68C977-4E9F-48EE-8B9C-9E05D6AF9210}.Release|x64.ActiveCfg = Release|x64
		{1B68C977-4E9F-48EE-8B9C-9E05D6AF9210}.Release|x64.Build.0 = Release|x64
		{1B68C977-4E9F-48EE-8B9C-9E05D6AF9210}.Release|x86.ActiveCfg = Release|x64
	EndGlobalSection
	GlobalSection(SolutionProperties) = preSolution
		HideSolutionNode = FALSE
	EndGlobalSection
	GlobalSection(ExtensibilityGlobals) = postSolution
		SolutionGuid = {394DD593-4BF8-4807-A12D-FCCFD8E87894}
	EndGlobalSection
EndGlobal
