<?xml version="1.0" encoding="utf-8"?>
<Project ToolsVersion="4.0" xmlns="http://schemas.microsoft.com/developer/msbuild/2003">
  <ItemGroup>
    <Filter Include="Objects">
      <UniqueIdentifier>{4627362c-2e04-4492-982f-56034a67149c}</UniqueIdentifier>
    </Filter>
    <Filter Include="Core">
      <UniqueIdentifier>{c4675583-53e8-4038-be01-034e7bb9d31e}</UniqueIdentifier>
    </Filter>
    <Filter Include="Shaders">
      <UniqueIdentifier>{37a492b9-4f5e-4d5d-a653-1b41497f270b}</UniqueIdentifier>
    </Filter>
    <Filter Include="Graphics">
      <UniqueIdentifier>{c28f481c-ec75-4cc1-b8c5-ef613132a6d3}</UniqueIdentifier>
    </Filter>
  </ItemGroup>
  <ItemGroup>
    <ClCompile Include="PointLight.cpp">
      <Filter>Objects</Filter>
    </ClCompile>
    <ClCompile Include="Object.cpp">
      <Filter>Objects</Filter>
    </ClCompile>
    <ClCompile Include="Mesh.cpp">
      <Filter>Objects</Filter>
    </ClCompile>
    <ClCompile Include="DirectionalLight.cpp">
      <Filter>Objects</Filter>
    </ClCompile>
    <ClCompile Include="Camera.cpp">
      <Filter>Objects</Filter>
    </ClCompile>
    <ClCompile Include="Material.cpp">
      <Filter>Graphics</Filter>
    </ClCompile>
    <ClCompile Include="Texture.cpp">
      <Filter>Graphics</Filter>
    </ClCompile>
    <ClCompile Include="Engine.cpp">
      <Filter>Core</Filter>
    </ClCompile>
    <ClCompile Include="Scene.cpp">
      <Filter>Core</Filter>
    </ClCompile>
    <ClCompile Include="..\Dependencies\GLAD\src\glad.c" />
    <ClCompile Include="main.cpp" />
  </ItemGroup>
  <ItemGroup>
    <ClInclude Include="DirectionalLight.h">
      <Filter>Objects</Filter>
    </ClInclude>
    <ClInclude Include="Object.h">
      <Filter>Objects</Filter>
    </ClInclude>
    <ClInclude Include="Mesh.h">
      <Filter>Objects</Filter>
    </ClInclude>
    <ClInclude Include="PointLight.h">
      <Filter>Objects</Filter>
    </ClInclude>
    <ClInclude Include="Camera.h">
      <Filter>Objects</Filter>
    </ClInclude>
    <ClInclude Include="Material.h">
      <Filter>Graphics</Filter>
    </ClInclude>
    <ClInclude Include="Texture.h">
      <Filter>Graphics</Filter>
    </ClInclude>
    <ClInclude Include="Engine.h">
      <Filter>Core</Filter>
    </ClInclude>
    <ClInclude Include="Scene.h">
      <Filter>Core</Filter>
    </ClInclude>
  </ItemGroup>
  <ItemGroup>
    <None Include="Diffuse.glsl">
      <Filter>Shaders</Filter>
    </None>
    <None Include="Vertex.glsl">
      <Filter>Shaders</Filter>
    </None>
  </ItemGroup>
</Project>